{
  "originHash" : "0d5793aef5e358bfe5d0d1fa400a8f4c729dc6cd2a90301f08413d76c29c7969",
  "pins" : [
    {
      "identity" : "codegenkit",
      "kind" : "remoteSourceControl",
      "location" : "https://github.com/omochi/CodegenKit.git",
      "state" : {
        "revision" : "75e9de2abe0d9ea1d821fdd008aba50ce339716e",
        "version" : "2.1.1"
      }
    },
    {
      "identity" : "swift-argument-parser",
      "kind" : "remoteSourceControl",
      "location" : "https://github.com/apple/swift-argument-parser.git",
      "state" : {
        "revision" : "626b5b7b2f45e1b0b1c6f4a309296d1d21d7311b",
        "version" : "1.7.1"
      }
    },
    {
      "identity" : "swift-syntax",
      "kind" : "remoteSourceControl",
      "location" : "https://github.com/swiftlang/swift-syntax.git",
      "state" : {
        "revision" : "9de99a78f099e59caf2b2beec65a4c45d54b2081",
        "version" : "603.0.1"
      }
    }
  ],
  "version" : 3
}
