{
  "pins" : [
    {
      "identity" : "swift-syntax",
      "kind" : "remoteSourceControl",
      "location" : "https://github.com/apple/swift-syntax",
      "state" : {
        "branch" : "0.50600.1",
        "revision" : "0b6c22b97f8e9320bca62e82cdbee601cf37ad3f"
      }
    }
  ],
  "version" : 2
}
